
Microsoft Visual Studio Solution File, Format Version 12.00
# Visual Studio Version 17
VisualStudioVersion = 17.6.33723.286
MinimumVisualStudioVersion = 10.0.40219.1
Project("{FAE04EC0-301F-11D3-BF4B-00C04F79EFBC}") = "Constructors", "Constructors\Constructors.csproj", "{D669435B-867A-4BB4-8B2B-60E4B0B21274}"
EndProject
Global
	GlobalSection(SolutionConfigurationPlatforms) = preSolution
		Debug|Any CPU = Debug|Any CPU
		Release|Any CPU = Release|Any CPU
	EndGlobalSection
	GlobalSection(ProjectConfigurationPlatforms) = postSolution
		{D669435B-867A-4BB4-8B2B-60E4B0B21274}.Debug|Any CPU.ActiveCfg = Debug|Any CPU
		{D669435B-867A-4BB4-8B2B-60E4B0B21274}.Debug|Any CPU.Build.0 = Debug|Any CPU
		{D669435B-867A-4BB4-8B2B-60E4B0B21274}.Release|Any CPU.ActiveCfg = Release|Any CPU
		{D669435B-867A-4BB4-8B2B-60E4B0B21274}.Release|Any CPU.Build.0 = Release|Any CPU
	EndGlobalSection
	GlobalSection(SolutionProperties) = preSolution
		HideSolutionNode = FALSE
	EndGlobalSection
	GlobalSection(ExtensibilityGlobals) = postSolution
		SolutionGuid = {2C1B730F-E1EF-4893-9ECA-A4CB8E3AE2EB}
	EndGlobalSection
EndGlobal
